
Microsoft Visual Studio Solution File, Format Version 12.00
# Visual Studio Version 17
VisualStudioVersion = 17.14.36414.22 d17.14
MinimumVisualStudioVersion = 10.0.40219.1
Project("{FAE04EC0-301F-11D3-BF4B-00C04F79EFBC}") = "Gestion de mascotas", "Gestion de mascotas\Gestion de mascotas.csproj", "{05B2B573-BA42-4405-8A08-5DDE90A54AEB}"
EndProject
Global
	GlobalSection(SolutionConfigurationPlatforms) = preSolution
		Debug|Any CPU = Debug|Any CPU
		Release|Any CPU = Release|Any CPU
	EndGlobalSection
	GlobalSection(ProjectConfigurationPlatforms) = postSolution
		{05B2B573-BA42-4405-8A08-5DDE90A54AEB}.Debug|Any CPU.ActiveCfg = Debug|Any CPU
		{05B2B573-BA42-4405-8A08-5DDE90A54AEB}.Debug|Any CPU.Build.0 = Debug|Any CPU
		{05B2B573-BA42-4405-8A08-5DDE90A54AEB}.Release|Any CPU.ActiveCfg = Release|Any CPU
		{05B2B573-BA42-4405-8A08-5DDE90A54AEB}.Release|Any CPU.Build.0 = Release|Any CPU
	EndGlobalSection
	GlobalSection(SolutionProperties) = preSolution
		HideSolutionNode = FALSE
	EndGlobalSection
	GlobalSection(ExtensibilityGlobals) = postSolution
		SolutionGuid = {E90FD1C5-EC6B-4426-AE77-C74A4C199363}
	EndGlobalSection
EndGlobal
